
Microsoft Visual Studio Solution File, Format Version 12.00
# Visual Studio 15
VisualStudioVersion = 15.0.27703.2042
MinimumVisualStudioVersion = 10.0.40219.1
Project("{FAE04EC0-301F-11D3-BF4B-00C04F79EFBC}") = "CG3-1", "CG3-1\CG3-1.csproj", "{EFBEB9F7-F409-4494-9166-8BF237064C96}"
EndProject
Global
	GlobalSection(SolutionConfigurationPlatforms) = preSolution
		Debug|Any CPU = Debug|Any CPU
		Release|Any CPU = Release|Any CPU
	EndGlobalSection
	GlobalSection(ProjectConfigurationPlatforms) = postSolution
		{EFBEB9F7-F409-4494-9166-8BF237064C96}.Debug|Any CPU.ActiveCfg = Debug|Any CPU
		{EFBEB9F7-F409-4494-9166-8BF237064C96}.Debug|Any CPU.Build.0 = Debug|Any CPU
		{EFBEB9F7-F409-4494-9166-8BF237064C96}.Release|Any CPU.ActiveCfg = Release|Any CPU
		{EFBEB9F7-F409-4494-9166-8BF237064C96}.Release|Any CPU.Build.0 = Release|Any CPU
	EndGlobalSection
	GlobalSection(SolutionProperties) = preSolution
		HideSolutionNode = FALSE
	EndGlobalSection
	GlobalSection(ExtensibilityGlobals) = postSolution
		SolutionGuid = {827156AE-1069-4A04-A5D3-9C1D6A6976EB}
	EndGlobalSection
EndGlobal
